// !$*UTF8*$!
{
	archiveVersion = 1;
	classes = {
	};
	objectVersion = 56;
	objects = {

/* Begin PBXBuildFile section */
		016D35AC29F195CC00F14620 /* Assets.xcassets in Resources */ = {isa = PBXBuildFile; fileRef = 016D35AB29F195CC00F14620 /* Assets.xcassets */; };
		016D35B029F195CC00F14620 /* Preview Assets.xcassets in Resources */ = {isa = PBXBuildFile; fileRef = 016D35AF29F195CC00F14620 /* Preview Assets.xcassets */; };
		FE1A16B52A00BB7C009F8818 /* Localizable.strings in Resources */ = {isa = PBXBuildFile; fileRef = FE1A16B72A00BB7C009F8818 /* Localizable.strings */; };
		FE1A16BC2A00E3C3009F8818 /* Welcome.md in Resources */ = {isa = PBXBuildFile; fileRef = FE1A16BE2A00E3C3009F8818 /* Welcome.md */; };
		FE1A16C12A00E49A009F8818 /* FirstPage.md in Resources */ = {isa = PBXBuildFile; fileRef = FE1A16C32A00E49A009F8818 /* FirstPage.md */; };
		FE1A16C62A00E5A8009F8818 /* RegexBuilder.md in Resources */ = {isa = PBXBuildFile; fileRef = FE1A16C82A00E5A8009F8818 /* RegexBuilder.md */; };
		FE1A16CD2A00F1D8009F8818 /* FLEX in Frameworks */ = {isa = PBXBuildFile; productRef = FE1A16CC2A00F1D8009F8818 /* FLEX */; };
		FE1A16D12A0101EF009F8818 /* ConfettiSwiftUI in Frameworks */ = {isa = PBXBuildFile; productRef = FE1A16D02A0101EF009F8818 /* ConfettiSwiftUI */; };
		FE1A16D32A012576009F8818 /* README.md in Resources */ = {isa = PBXBuildFile; fileRef = FE1A16D22A012576009F8818 /* README.md */; };
		FE67C1A129FFCFE7000A96DC /* SettingsView.swift in Sources */ = {isa = PBXBuildFile; fileRef = FE67C19029FFCFE7000A96DC /* SettingsView.swift */; };
		FE67C1A229FFCFE7000A96DC /* FirstPage.swift in Sources */ = {isa = PBXBuildFile; fileRef = FE67C19229FFCFE7000A96DC /* FirstPage.swift */; };
		FE67C1A329FFCFE7000A96DC /* SecondPage.swift in Sources */ = {isa = PBXBuildFile; fileRef = FE67C19329FFCFE7000A96DC /* SecondPage.swift */; };
		FE67C1A429FFCFE7000A96DC /* WelcomePageView.swift in Sources */ = {isa = PBXBuildFile; fileRef = FE67C19429FFCFE7000A96DC /* WelcomePageView.swift */; };
		FE67C1A529FFCFE7000A96DC /* PageView.swift in Sources */ = {isa = PBXBuildFile; fileRef = FE67C19529FFCFE7000A96DC /* PageView.swift */; };
		FE67C1A629FFCFE7000A96DC /* SectionView.swift in Sources */ = {isa = PBXBuildFile; fileRef = FE67C19829FFCFE7000A96DC /* SectionView.swift */; };
		FE67C1A729FFCFE7000A96DC /* DocumentView.swift in Sources */ = {isa = PBXBuildFile; fileRef = FE67C19929FFCFE7000A96DC /* DocumentView.swift */; };
		FE67C1A829FFCFE7000A96DC /* WidthThresholdReader.swift in Sources */ = {isa = PBXBuildFile; fileRef = FE67C19A29FFCFE7000A96DC /* WidthThresholdReader.swift */; };
		FE67C1A929FFCFE7000A96DC /* FlowLayout.swift in Sources */ = {isa = PBXBuildFile; fileRef = FE67C19B29FFCFE7000A96DC /* FlowLayout.swift */; };
		FE67C1AA29FFCFE7000A96DC /* DetailColumn.swift in Sources */ = {isa = PBXBuildFile; fileRef = FE67C19D29FFCFE7000A96DC /* DetailColumn.swift */; };
		FE67C1AB29FFCFE7000A96DC /* Sidebar.swift in Sources */ = {isa = PBXBuildFile; fileRef = FE67C19E29FFCFE7000A96DC /* Sidebar.swift */; };
		FE67C1AC29FFCFE7000A96DC /* ContentView.swift in Sources */ = {isa = PBXBuildFile; fileRef = FE67C19F29FFCFE7000A96DC /* ContentView.swift */; };
		FE67C1AD29FFCFE7000A96DC /* RegexGoApp.swift in Sources */ = {isa = PBXBuildFile; fileRef = FE67C1A029FFCFE7000A96DC /* RegexGoApp.swift */; };
		FE67C1D329FFD03E000A96DC /* BrandHeader.swift in Sources */ = {isa = PBXBuildFile; fileRef = FE67C1B129FFD03E000A96DC /* BrandHeader.swift */; };
		FE67C1D429FFD03E000A96DC /* AnimatableNumberModifier.swift in Sources */ = {isa = PBXBuildFile; fileRef = FE67C1B329FFD03E000A96DC /* AnimatableNumberModifier.swift */; };
		FE67C1D529FFD03E000A96DC /* QuestionView.swift in Sources */ = {isa = PBXBuildFile; fileRef = FE67C1B529FFD03E000A96DC /* QuestionView.swift */; };
		FE67C1D629FFD03E000A96DC /* TestView.swift in Sources */ = {isa = PBXBuildFile; fileRef = FE67C1B829FFD03E000A96DC /* TestView.swift */; };
		FE67C1D729FFD03E000A96DC /* RegexLinesViewModel.swift in Sources */ = {isa = PBXBuildFile; fileRef = FE67C1BB29FFD03E000A96DC /* RegexLinesViewModel.swift */; };
		FE67C1D829FFD03E000A96DC /* RegexBuilderView.swift in Sources */ = {isa = PBXBuildFile; fileRef = FE67C1BC29FFD03E000A96DC /* RegexBuilderView.swift */; };
		FE67C1D929FFD03E000A96DC /* PlaygroundsModel.swift in Sources */ = {isa = PBXBuildFile; fileRef = FE67C1BE29FFD03E000A96DC /* PlaygroundsModel.swift */; };
		FE67C1DA29FFD03E000A96DC /* RegexBuilderLine.swift in Sources */ = {isa = PBXBuildFile; fileRef = FE67C1BF29FFD03E000A96DC /* RegexBuilderLine.swift */; };
		FE67C1DB29FFD03E000A96DC /* RegexPickerView.swift in Sources */ = {isa = PBXBuildFile; fileRef = FE67C1C029FFD03E000A96DC /* RegexPickerView.swift */; };
		FE67C1DC29FFD03E000A96DC /* PasswordView.swift in Sources */ = {isa = PBXBuildFile; fileRef = FE67C1C229FFD03E000A96DC /* PasswordView.swift */; };
		FE67C1DD29FFD03E000A96DC /* SecureInputView.swift in Sources */ = {isa = PBXBuildFile; fileRef = FE67C1C329FFD03E000A96DC /* SecureInputView.swift */; };
		FE67C1DE29FFD03E000A96DC /* RegexForPassword.swift in Sources */ = {isa = PBXBuildFile; fileRef = FE67C1C429FFD03E000A96DC /* RegexForPassword.swift */; };
		FE67C1DF29FFD03E000A96DC /* BlankPage.swift in Sources */ = {isa = PBXBuildFile; fileRef = FE67C1C529FFD03E000A96DC /* BlankPage.swift */; };
		FE67C1E029FFD03E000A96DC /* FireworkView.swift in Sources */ = {isa = PBXBuildFile; fileRef = FE67C1C729FFD03E000A96DC /* FireworkView.swift */; };
		FE67C1E129FFD03E000A96DC /* RegexPlaygroundsModel.swift in Sources */ = {isa = PBXBuildFile; fileRef = FE67C1C929FFD03E000A96DC /* RegexPlaygroundsModel.swift */; };
		FE67C1E229FFD03E000A96DC /* Helper.swift in Sources */ = {isa = PBXBuildFile; fileRef = FE67C1CA29FFD03E000A96DC /* Helper.swift */; };
		FE67C1E429FFD03E000A96DC /* help.mp4 in Resources */ = {isa = PBXBuildFile; fileRef = FE67C1CD29FFD03E000A96DC /* help.mp4 */; };
		FE67C1E529FFD03E000A96DC /* history.md in Resources */ = {isa = PBXBuildFile; fileRef = FE67C1CE29FFD03E000A96DC /* history.md */; };
		FE67C1E629FFD03E000A96DC /* tempPage.md in Resources */ = {isa = PBXBuildFile; fileRef = FE67C1CF29FFD03E000A96DC /* tempPage.md */; };
		FE89C5A629FFD31E0099CC45 /* MarkdownUI in Frameworks */ = {isa = PBXBuildFile; productRef = FE89C5A529FFD31E0099CC45 /* MarkdownUI */; };
/* End PBXBuildFile section */

/* Begin PBXFileReference section */
		016D35A429F195CB00F14620 /* RegexGo.app */ = {isa = PBXFileReference; explicitFileType = wrapper.application; includeInIndex = 0; path = RegexGo.app; sourceTree = BUILT_PRODUCTS_DIR; };
		016D35AB29F195CC00F14620 /* Assets.xcassets */ = {isa = PBXFileReference; lastKnownFileType = folder.assetcatalog; path = Assets.xcassets; sourceTree = "<group>"; };
		016D35AD29F195CC00F14620 /* RegexGo.entitlements */ = {isa = PBXFileReference; lastKnownFileType = text.plist.entitlements; path = RegexGo.entitlements; sourceTree = "<group>"; };
		016D35AF29F195CC00F14620 /* Preview Assets.xcassets */ = {isa = PBXFileReference; lastKnownFileType = folder.assetcatalog; path = "Preview Assets.xcassets"; sourceTree = "<group>"; };
		FE1A16B62A00BB7C009F8818 /* en */ = {isa = PBXFileReference; lastKnownFileType = text.plist.strings; name = en; path = en.lproj/Localizable.strings; sourceTree = "<group>"; };
		FE1A16B82A00BB7F009F8818 /* zh-Hans */ = {isa = PBXFileReference; lastKnownFileType = text.plist.strings; name = "zh-Hans"; path = "zh-Hans.lproj/Localizable.strings"; sourceTree = "<group>"; };
		FE1A16B92A00BB81009F8818 /* zh-Hant */ = {isa = PBXFileReference; lastKnownFileType = text.plist.strings; name = "zh-Hant"; path = "zh-Hant.lproj/Localizable.strings"; sourceTree = "<group>"; };
		FE1A16BD2A00E3C3009F8818 /* zh-Hans */ = {isa = PBXFileReference; lastKnownFileType = net.daringfireball.markdown; name = "zh-Hans"; path = "zh-Hans.lproj/Welcome.md"; sourceTree = "<group>"; };
		FE1A16BF2A00E3C8009F8818 /* en */ = {isa = PBXFileReference; lastKnownFileType = net.daringfireball.markdown; name = en; path = en.lproj/Welcome.md; sourceTree = "<group>"; };
		FE1A16C02A00E42A009F8818 /* zh-Hant */ = {isa = PBXFileReference; lastKnownFileType = net.daringfireball.markdown; name = "zh-Hant"; path = "zh-Hant.lproj/Welcome.md"; sourceTree = "<group>"; };
		FE1A16C22A00E49A009F8818 /* en */ = {isa = PBXFileReference; lastKnownFileType = net.daringfireball.markdown; name = en; path = en.lproj/FirstPage.md; sourceTree = "<group>"; };
		FE1A16C42A00E49D009F8818 /* zh-Hans */ = {isa = PBXFileReference; lastKnownFileType = net.daringfireball.markdown; name = "zh-Hans"; path = "zh-Hans.lproj/FirstPage.md"; sourceTree = "<group>"; };
		FE1A16C52A00E49E009F8818 /* zh-Hant */ = {isa = PBXFileReference; lastKnownFileType = net.daringfireball.markdown; name = "zh-Hant"; path = "zh-Hant.lproj/FirstPage.md"; sourceTree = "<group>"; };
		FE1A16C72A00E5A8009F8818 /* en */ = {isa = PBXFileReference; lastKnownFileType = net.daringfireball.markdown; name = en; path = en.lproj/RegexBuilder.md; sourceTree = "<group>"; };
		FE1A16C92A00E5B1009F8818 /* zh-Hans */ = {isa = PBXFileReference; lastKnownFileType = net.daringfireball.markdown; name = "zh-Hans"; path = "zh-Hans.lproj/RegexBuilder.md"; sourceTree = "<group>"; };
		FE1A16CA2A00E5B1009F8818 /* zh-Hant */ = {isa = PBXFileReference; lastKnownFileType = net.daringfireball.markdown; name = "zh-Hant"; path = "zh-Hant.lproj/RegexBuilder.md"; sourceTree = "<group>"; };
		FE1A16CE2A010127009F8818 /* Info.plist */ = {isa = PBXFileReference; lastKnownFileType = text.plist; path = Info.plist; sourceTree = "<group>"; };
		FE1A16D22A012576009F8818 /* README.md */ = {isa = PBXFileReference; fileEncoding = 4; lastKnownFileType = net.daringfireball.markdown; name = README.md; path = ../docs/README.md; sourceTree = "<group>"; };
		FE67C19029FFCFE7000A96DC /* SettingsView.swift */ = {isa = PBXFileReference; fileEncoding = 4; lastKnownFileType = sourcecode.swift; path = SettingsView.swift; sourceTree = "<group>"; };
		FE67C19229FFCFE7000A96DC /* FirstPage.swift */ = {isa = PBXFileReference; fileEncoding = 4; lastKnownFileType = sourcecode.swift; path = FirstPage.swift; sourceTree = "<group>"; };
		FE67C19329FFCFE7000A96DC /* SecondPage.swift */ = {isa = PBXFileReference; fileEncoding = 4; lastKnownFileType = sourcecode.swift; path = SecondPage.swift; sourceTree = "<group>"; };
		FE67C19429FFCFE7000A96DC /* WelcomePageView.swift */ = {isa = PBXFileReference; fileEncoding = 4; lastKnownFileType = sourcecode.swift; path = WelcomePageView.swift; sourceTree = "<group>"; };
		FE67C19529FFCFE7000A96DC /* PageView.swift */ = {isa = PBXFileReference; fileEncoding = 4; lastKnownFileType = sourcecode.swift; path = PageView.swift; sourceTree = "<group>"; };
		FE67C19829FFCFE7000A96DC /* SectionView.swift */ = {isa = PBXFileReference; fileEncoding = 4; lastKnownFileType = sourcecode.swift; path = SectionView.swift; sourceTree = "<group>"; };
		FE67C19929FFCFE7000A96DC /* DocumentView.swift */ = {isa = PBXFileReference; fileEncoding = 4; lastKnownFileType = sourcecode.swift; path = DocumentView.swift; sourceTree = "<group>"; };
		FE67C19A29FFCFE7000A96DC /* WidthThresholdReader.swift */ = {isa = PBXFileReference; fileEncoding = 4; lastKnownFileType = sourcecode.swift; path = WidthThresholdReader.swift; sourceTree = "<group>"; };
		FE67C19B29FFCFE7000A96DC /* FlowLayout.swift */ = {isa = PBXFileReference; fileEncoding = 4; lastKnownFileType = sourcecode.swift; path = FlowLayout.swift; sourceTree = "<group>"; };
		FE67C19D29FFCFE7000A96DC /* DetailColumn.swift */ = {isa = PBXFileReference; fileEncoding = 4; lastKnownFileType = sourcecode.swift; path = DetailColumn.swift; sourceTree = "<group>"; };
		FE67C19E29FFCFE7000A96DC /* Sidebar.swift */ = {isa = PBXFileReference; fileEncoding = 4; lastKnownFileType = sourcecode.swift; path = Sidebar.swift; sourceTree = "<group>"; };
		FE67C19F29FFCFE7000A96DC /* ContentView.swift */ = {isa = PBXFileReference; fileEncoding = 4; lastKnownFileType = sourcecode.swift; path = ContentView.swift; sourceTree = "<group>"; };
		FE67C1A029FFCFE7000A96DC /* RegexGoApp.swift */ = {isa = PBXFileReference; fileEncoding = 4; lastKnownFileType = sourcecode.swift; path = RegexGoApp.swift; sourceTree = "<group>"; };
		FE67C1B129FFD03E000A96DC /* BrandHeader.swift */ = {isa = PBXFileReference; fileEncoding = 4; lastKnownFileType = sourcecode.swift; path = BrandHeader.swift; sourceTree = "<group>"; };
		FE67C1B329FFD03E000A96DC /* AnimatableNumberModifier.swift */ = {isa = PBXFileReference; fileEncoding = 4; lastKnownFileType = sourcecode.swift; path = AnimatableNumberModifier.swift; sourceTree = "<group>"; };
		FE67C1B529FFD03E000A96DC /* QuestionView.swift */ = {isa = PBXFileReference; fileEncoding = 4; lastKnownFileType = sourcecode.swift; path = QuestionView.swift; sourceTree = "<group>"; };
		FE67C1B829FFD03E000A96DC /* TestView.swift */ = {isa = PBXFileReference; fileEncoding = 4; lastKnownFileType = sourcecode.swift; path = TestView.swift; sourceTree = "<group>"; };
		FE67C1BB29FFD03E000A96DC /* RegexLinesViewModel.swift */ = {isa = PBXFileReference; fileEncoding = 4; lastKnownFileType = sourcecode.swift; path = RegexLinesViewModel.swift; sourceTree = "<group>"; };
		FE67C1BC29FFD03E000A96DC /* RegexBuilderView.swift */ = {isa = PBXFileReference; fileEncoding = 4; lastKnownFileType = sourcecode.swift; path = RegexBuilderView.swift; sourceTree = "<group>"; };
		FE67C1BE29FFD03E000A96DC /* PlaygroundsModel.swift */ = {isa = PBXFileReference; fileEncoding = 4; lastKnownFileType = sourcecode.swift; path = PlaygroundsModel.swift; sourceTree = "<group>"; };
		FE67C1BF29FFD03E000A96DC /* RegexBuilderLine.swift */ = {isa = PBXFileReference; fileEncoding = 4; lastKnownFileType = sourcecode.swift; path = RegexBuilderLine.swift; sourceTree = "<group>"; };
		FE67C1C029FFD03E000A96DC /* RegexPickerView.swift */ = {isa = PBXFileReference; fileEncoding = 4; lastKnownFileType = sourcecode.swift; path = RegexPickerView.swift; sourceTree = "<group>"; };
		FE67C1C229FFD03E000A96DC /* PasswordView.swift */ = {isa = PBXFileReference; fileEncoding = 4; lastKnownFileType = sourcecode.swift; path = PasswordView.swift; sourceTree = "<group>"; };
		FE67C1C329FFD03E000A96DC /* SecureInputView.swift */ = {isa = PBXFileReference; fileEncoding = 4; lastKnownFileType = sourcecode.swift; path = SecureInputView.swift; sourceTree = "<group>"; };
		FE67C1C429FFD03E000A96DC /* RegexForPassword.swift */ = {isa = PBXFileReference; fileEncoding = 4; lastKnownFileType = sourcecode.swift; path = RegexForPassword.swift; sourceTree = "<group>"; };
		FE67C1C529FFD03E000A96DC /* BlankPage.swift */ = {isa = PBXFileReference; fileEncoding = 4; lastKnownFileType = sourcecode.swift; path = BlankPage.swift; sourceTree = "<group>"; };
		FE67C1C729FFD03E000A96DC /* FireworkView.swift */ = {isa = PBXFileReference; fileEncoding = 4; lastKnownFileType = sourcecode.swift; path = FireworkView.swift; sourceTree = "<group>"; };
		FE67C1C929FFD03E000A96DC /* RegexPlaygroundsModel.swift */ = {isa = PBXFileReference; fileEncoding = 4; lastKnownFileType = sourcecode.swift; path = RegexPlaygroundsModel.swift; sourceTree = "<group>"; };
		FE67C1CA29FFD03E000A96DC /* Helper.swift */ = {isa = PBXFileReference; fileEncoding = 4; lastKnownFileType = sourcecode.swift; path = Helper.swift; sourceTree = "<group>"; };
		FE67C1CD29FFD03E000A96DC /* help.mp4 */ = {isa = PBXFileReference; lastKnownFileType = file; path = help.mp4; sourceTree = "<group>"; };
		FE67C1CE29FFD03E000A96DC /* history.md */ = {isa = PBXFileReference; fileEncoding = 4; lastKnownFileType = net.daringfireball.markdown; path = history.md; sourceTree = "<group>"; };
		FE67C1CF29FFD03E000A96DC /* tempPage.md */ = {isa = PBXFileReference; fileEncoding = 4; lastKnownFileType = net.daringfireball.markdown; path = tempPage.md; sourceTree = "<group>"; };
/* End PBXFileReference section */

/* Begin PBXFrameworksBuildPhase section */
		016D35A129F195CB00F14620 /* Frameworks */ = {
			isa = PBXFrameworksBuildPhase;
			buildActionMask = 2147483647;
			files = (
				FE1A16D12A0101EF009F8818 /* ConfettiSwiftUI in Frameworks */,
				FE89C5A629FFD31E0099CC45 /* MarkdownUI in Frameworks */,
				FE1A16CD2A00F1D8009F8818 /* FLEX in Frameworks */,
			);
			runOnlyForDeploymentPostprocessing = 0;
		};
/* End PBXFrameworksBuildPhase section */

/* Begin PBXGroup section */
		016D359B29F195CA00F14620 = {
			isa = PBXGroup;
			children = (
				FE1A16D22A012576009F8818 /* README.md */,
				016D35A629F195CB00F14620 /* RegexGo */,
				016D35A529F195CB00F14620 /* Products */,
			);
			sourceTree = "<group>";
		};
		016D35A529F195CB00F14620 /* Products */ = {
			isa = PBXGroup;
			children = (
				016D35A429F195CB00F14620 /* RegexGo.app */,
			);
			name = Products;
			sourceTree = "<group>";
		};
		016D35A629F195CB00F14620 /* RegexGo */ = {
			isa = PBXGroup;
			children = (
				FE1A16CE2A010127009F8818 /* Info.plist */,
				016D35AD29F195CC00F14620 /* RegexGo.entitlements */,
				FE67C18E29FFCFE7000A96DC /* App */,
				FE67C1AE29FFD03E000A96DC /* RegexPlaygroundKit */,
				FE67C1CB29FFD03E000A96DC /* Resources */,
				016D35AE29F195CC00F14620 /* Preview Content */,
			);
			path = RegexGo;
			sourceTree = "<group>";
		};
		016D35AE29F195CC00F14620 /* Preview Content */ = {
			isa = PBXGroup;
			children = (
				016D35AF29F195CC00F14620 /* Preview Assets.xcassets */,
			);
			path = "Preview Content";
			sourceTree = "<group>";
		};
		FE67C18E29FFCFE7000A96DC /* App */ = {
			isa = PBXGroup;
			children = (
				FE67C1A029FFCFE7000A96DC /* RegexGoApp.swift */,
				FE67C19F29FFCFE7000A96DC /* ContentView.swift */,
				FE67C19C29FFCFE7000A96DC /* Navigation */,
				FE67C19129FFCFE7000A96DC /* Page */,
				FE67C18F29FFCFE7000A96DC /* Settings */,
				FE67C19629FFCFE7000A96DC /* General */,
			);
			path = App;
			sourceTree = "<group>";
		};
		FE67C18F29FFCFE7000A96DC /* Settings */ = {
			isa = PBXGroup;
			children = (
				FE67C19029FFCFE7000A96DC /* SettingsView.swift */,
			);
			path = Settings;
			sourceTree = "<group>";
		};
		FE67C19129FFCFE7000A96DC /* Page */ = {
			isa = PBXGroup;
			children = (
				FE67C19229FFCFE7000A96DC /* FirstPage.swift */,
				FE67C19329FFCFE7000A96DC /* SecondPage.swift */,
				FE67C19429FFCFE7000A96DC /* WelcomePageView.swift */,
				FE67C19529FFCFE7000A96DC /* PageView.swift */,
			);
			path = Page;
			sourceTree = "<group>";
		};
		FE67C19629FFCFE7000A96DC /* General */ = {
			isa = PBXGroup;
			children = (
				FE67C19729FFCFE7000A96DC /* Section */,
				FE67C19929FFCFE7000A96DC /* DocumentView.swift */,
				FE67C19A29FFCFE7000A96DC /* WidthThresholdReader.swift */,
				FE67C19B29FFCFE7000A96DC /* FlowLayout.swift */,
			);
			path = General;
			sourceTree = "<group>";
		};
		FE67C19729FFCFE7000A96DC /* Section */ = {
			isa = PBXGroup;
			children = (
				FE67C19829FFCFE7000A96DC /* SectionView.swift */,
			);
			path = Section;
			sourceTree = "<group>";
		};
		FE67C19C29FFCFE7000A96DC /* Navigation */ = {
			isa = PBXGroup;
			children = (
				FE67C19E29FFCFE7000A96DC /* Sidebar.swift */,
				FE67C19D29FFCFE7000A96DC /* DetailColumn.swift */,
			);
			path = Navigation;
			sourceTree = "<group>";
		};
		FE67C1AE29FFD03E000A96DC /* RegexPlaygroundKit */ = {
			isa = PBXGroup;
			children = (
				FE67C1AF29FFD03E000A96DC /* Sources */,
			);
			path = RegexPlaygroundKit;
			sourceTree = "<group>";
		};
		FE67C1AF29FFD03E000A96DC /* Sources */ = {
			isa = PBXGroup;
			children = (
				FE67C1B029FFD03E000A96DC /* Brand */,
				FE67C1B229FFD03E000A96DC /* AnimatableNumber */,
				FE67C1B429FFD03E000A96DC /* QuestionPage */,
				FE67C1B629FFD03E000A96DC /* Playgrounds */,
				FE67C1C629FFD03E000A96DC /* Firework */,
				FE67C1C829FFD03E000A96DC /* RegexPlaygroundsVM */,
			);
			path = Sources;
			sourceTree = "<group>";
		};
		FE67C1B029FFD03E000A96DC /* Brand */ = {
			isa = PBXGroup;
			children = (
				FE67C1B129FFD03E000A96DC /* BrandHeader.swift */,
			);
			path = Brand;
			sourceTree = "<group>";
		};
		FE67C1B229FFD03E000A96DC /* AnimatableNumber */ = {
			isa = PBXGroup;
			children = (
				FE67C1B329FFD03E000A96DC /* AnimatableNumberModifier.swift */,
			);
			path = AnimatableNumber;
			sourceTree = "<group>";
		};
		FE67C1B429FFD03E000A96DC /* QuestionPage */ = {
			isa = PBXGroup;
			children = (
				FE67C1B529FFD03E000A96DC /* QuestionView.swift */,
			);
			path = QuestionPage;
			sourceTree = "<group>";
		};
		FE67C1B629FFD03E000A96DC /* Playgrounds */ = {
			isa = PBXGroup;
			children = (
				FE67C1B729FFD03E000A96DC /* WebpageTestView */,
				FE67C1B929FFD03E000A96DC /* RegexBuilder */,
				FE67C1C129FFD03E000A96DC /* Regex */,
				FE67C1C529FFD03E000A96DC /* BlankPage.swift */,
			);
			path = Playgrounds;
			sourceTree = "<group>";
		};
		FE67C1B729FFD03E000A96DC /* WebpageTestView */ = {
			isa = PBXGroup;
			children = (
				FE67C1B829FFD03E000A96DC /* TestView.swift */,
			);
			path = WebpageTestView;
			sourceTree = "<group>";
		};
		FE67C1B929FFD03E000A96DC /* RegexBuilder */ = {
			isa = PBXGroup;
			children = (
				FE67C1BA29FFD03E000A96DC /* ViewModel */,
				FE67C1BC29FFD03E000A96DC /* RegexBuilderView.swift */,
				FE67C1BD29FFD03E000A96DC /* Model */,
				FE67C1C029FFD03E000A96DC /* RegexPickerView.swift */,
			);
			path = RegexBuilder;
			sourceTree = "<group>";
		};
		FE67C1BA29FFD03E000A96DC /* ViewModel */ = {
			isa = PBXGroup;
			children = (
				FE67C1BB29FFD03E000A96DC /* RegexLinesViewModel.swift */,
			);
			path = ViewModel;
			sourceTree = "<group>";
		};
		FE67C1BD29FFD03E000A96DC /* Model */ = {
			isa = PBXGroup;
			children = (
				FE67C1BE29FFD03E000A96DC /* PlaygroundsModel.swift */,
				FE67C1BF29FFD03E000A96DC /* RegexBuilderLine.swift */,
			);
			path = Model;
			sourceTree = "<group>";
		};
		FE67C1C129FFD03E000A96DC /* Regex */ = {
			isa = PBXGroup;
			children = (
				FE67C1C229FFD03E000A96DC /* PasswordView.swift */,
				FE67C1C329FFD03E000A96DC /* SecureInputView.swift */,
				FE67C1C429FFD03E000A96DC /* RegexForPassword.swift */,
			);
			path = Regex;
			sourceTree = "<group>";
		};
		FE67C1C629FFD03E000A96DC /* Firework */ = {
			isa = PBXGroup;
			children = (
				FE67C1C729FFD03E000A96DC /* FireworkView.swift */,
			);
			path = Firework;
			sourceTree = "<group>";
		};
		FE67C1C829FFD03E000A96DC /* RegexPlaygroundsVM */ = {
			isa = PBXGroup;
			children = (
				FE67C1C929FFD03E000A96DC /* RegexPlaygroundsModel.swift */,
				FE67C1CA29FFD03E000A96DC /* Helper.swift */,
			);
			path = RegexPlaygroundsVM;
			sourceTree = "<group>";
		};
		FE67C1CB29FFD03E000A96DC /* Resources */ = {
			isa = PBXGroup;
			children = (
				016D35AB29F195CC00F14620 /* Assets.xcassets */,
				FE67C1CD29FFD03E000A96DC /* help.mp4 */,
				FE67C1CE29FFD03E000A96DC /* history.md */,
				FE67C1CF29FFD03E000A96DC /* tempPage.md */,
				FE1A16BE2A00E3C3009F8818 /* Welcome.md */,
				FE1A16C32A00E49A009F8818 /* FirstPage.md */,
				FE1A16C82A00E5A8009F8818 /* RegexBuilder.md */,
				FE1A16B72A00BB7C009F8818 /* Localizable.strings */,
			);
			path = Resources;
			sourceTree = "<group>";
		};
/* End PBXGroup section */

/* Begin PBXNativeTarget section */
		016D35A329F195CB00F14620 /* RegexGo */ = {
			isa = PBXNativeTarget;
			buildConfigurationList = 016D35B329F195CC00F14620 /* Build configuration list for PBXNativeTarget "RegexGo" */;
			buildPhases = (
				016D35A029F195CB00F14620 /* Sources */,
				016D35A129F195CB00F14620 /* Frameworks */,
				016D35A229F195CB00F14620 /* Resources */,
			);
			buildRules = (
			);
			dependencies = (
			);
			name = RegexGo;
			packageProductDependencies = (
				FE89C5A529FFD31E0099CC45 /* MarkdownUI */,
				FE1A16CC2A00F1D8009F8818 /* FLEX */,
				FE1A16D02A0101EF009F8818 /* ConfettiSwiftUI */,
			);
			productName = RegexGo;
			productReference = 016D35A429F195CB00F14620 /* RegexGo.app */;
			productType = "com.apple.product-type.application";
		};
/* End PBXNativeTarget section */

/* Begin PBXProject section */
		016D359C29F195CA00F14620 /* Project object */ = {
			isa = PBXProject;
			attributes = {
				BuildIndependentTargetsInParallel = 1;
				LastSwiftUpdateCheck = 1430;
				LastUpgradeCheck = 1430;
				TargetAttributes = {
					016D35A329F195CB00F14620 = {
						CreatedOnToolsVersion = 14.3;
					};
				};
			};
			buildConfigurationList = 016D359F29F195CB00F14620 /* Build configuration list for PBXProject "RegexGo" */;
			compatibilityVersion = "Xcode 14.0";
			developmentRegion = en;
			hasScannedForEncodings = 0;
			knownRegions = (
				en,
				Base,
				"zh-Hant",
				"zh-Hans",
			);
			mainGroup = 016D359B29F195CA00F14620;
			packageReferences = (
				FE89C5A429FFD31E0099CC45 /* XCRemoteSwiftPackageReference "swift-markdown-ui" */,
				FE1A16CB2A00F1D8009F8818 /* XCRemoteSwiftPackageReference "FLEX" */,
				FE1A16CF2A0101EF009F8818 /* XCRemoteSwiftPackageReference "ConfettiSwiftUI" */,
			);
			productRefGroup = 016D35A529F195CB00F14620 /* Products */;
			projectDirPath = "";
			projectRoot = "";
			targets = (
				016D35A329F195CB00F14620 /* RegexGo */,
			);
		};
/* End PBXProject section */

/* Begin PBXResourcesBuildPhase section */
		016D35A229F195CB00F14620 /* Resources */ = {
			isa = PBXResourcesBuildPhase;
			buildActionMask = 2147483647;
			files = (
				FE67C1E429FFD03E000A96DC /* help.mp4 in Resources */,
				FE67C1E529FFD03E000A96DC /* history.md in Resources */,
				016D35B029F195CC00F14620 /* Preview Assets.xcassets in Resources */,
				016D35AC29F195CC00F14620 /* Assets.xcassets in Resources */,
				FE1A16C62A00E5A8009F8818 /* RegexBuilder.md in Resources */,
				FE1A16B52A00BB7C009F8818 /* Localizable.strings in Resources */,
				FE1A16BC2A00E3C3009F8818 /* Welcome.md in Resources */,
				FE1A16C12A00E49A009F8818 /* FirstPage.md in Resources */,
				FE1A16D32A012576009F8818 /* README.md in Resources */,
				FE67C1E629FFD03E000A96DC /* tempPage.md in Resources */,
			);
			runOnlyForDeploymentPostprocessing = 0;
		};
/* End PBXResourcesBuildPhase section */

/* Begin PBXSourcesBuildPhase section */
		016D35A029F195CB00F14620 /* Sources */ = {
			isa = PBXSourcesBuildPhase;
			buildActionMask = 2147483647;
			files = (
				FE67C1A929FFCFE7000A96DC /* FlowLayout.swift in Sources */,
				FE67C1DA29FFD03E000A96DC /* RegexBuilderLine.swift in Sources */,
				FE67C1DF29FFD03E000A96DC /* BlankPage.swift in Sources */,
				FE67C1A129FFCFE7000A96DC /* SettingsView.swift in Sources */,
				FE67C1AC29FFCFE7000A96DC /* ContentView.swift in Sources */,
				FE67C1E029FFD03E000A96DC /* FireworkView.swift in Sources */,
				FE67C1AD29FFCFE7000A96DC /* RegexGoApp.swift in Sources */,
				FE67C1DD29FFD03E000A96DC /* SecureInputView.swift in Sources */,
				FE67C1D729FFD03E000A96DC /* RegexLinesViewModel.swift in Sources */,
				FE67C1A829FFCFE7000A96DC /* WidthThresholdReader.swift in Sources */,
				FE67C1A329FFCFE7000A96DC /* SecondPage.swift in Sources */,
				FE67C1D629FFD03E000A96DC /* TestView.swift in Sources */,
				FE67C1D329FFD03E000A96DC /* BrandHeader.swift in Sources */,
				FE67C1A429FFCFE7000A96DC /* WelcomePageView.swift in Sources */,
				FE67C1DB29FFD03E000A96DC /* RegexPickerView.swift in Sources */,
				FE67C1D529FFD03E000A96DC /* QuestionView.swift in Sources */,
				FE67C1E229FFD03E000A96DC /* Helper.swift in Sources */,
				FE67C1AA29FFCFE7000A96DC /* DetailColumn.swift in Sources */,
				FE67C1A629FFCFE7000A96DC /* SectionView.swift in Sources */,
				FE67C1A229FFCFE7000A96DC /* FirstPage.swift in Sources */,
				FE67C1A729FFCFE7000A96DC /* DocumentView.swift in Sources */,
				FE67C1AB29FFCFE7000A96DC /* Sidebar.swift in Sources */,
				FE67C1E129FFD03E000A96DC /* RegexPlaygroundsModel.swift in Sources */,
				FE67C1DC29FFD03E000A96DC /* PasswordView.swift in Sources */,
				FE67C1A529FFCFE7000A96DC /* PageView.swift in Sources */,
				FE67C1D829FFD03E000A96DC /* RegexBuilderView.swift in Sources */,
				FE67C1D929FFD03E000A96DC /* PlaygroundsModel.swift in Sources */,
				FE67C1DE29FFD03E000A96DC /* RegexForPassword.swift in Sources */,
				FE67C1D429FFD03E000A96DC /* AnimatableNumberModifier.swift in Sources */,
			);
			runOnlyForDeploymentPostprocessing = 0;
		};
/* End PBXSourcesBuildPhase section */

/* Begin PBXVariantGroup section */
		FE1A16B72A00BB7C009F8818 /* Localizable.strings */ = {
			isa = PBXVariantGroup;
			children = (
				FE1A16B62A00BB7C009F8818 /* en */,
				FE1A16B82A00BB7F009F8818 /* zh-Hans */,
				FE1A16B92A00BB81009F8818 /* zh-Hant */,
			);
			name = Localizable.strings;
			sourceTree = "<group>";
		};
		FE1A16BE2A00E3C3009F8818 /* Welcome.md */ = {
			isa = PBXVariantGroup;
			children = (
				FE1A16BD2A00E3C3009F8818 /* zh-Hans */,
				FE1A16BF2A00E3C8009F8818 /* en */,
				FE1A16C02A00E42A009F8818 /* zh-Hant */,
			);
			name = Welcome.md;
			sourceTree = "<group>";
		};
		FE1A16C32A00E49A009F8818 /* FirstPage.md */ = {
			isa = PBXVariantGroup;
			children = (
				FE1A16C22A00E49A009F8818 /* en */,
				FE1A16C42A00E49D009F8818 /* zh-Hans */,
				FE1A16C52A00E49E009F8818 /* zh-Hant */,
			);
			name = FirstPage.md;
			sourceTree = "<group>";
		};
		FE1A16C82A00E5A8009F8818 /* RegexBuilder.md */ = {
			isa = PBXVariantGroup;
			children = (
				FE1A16C72A00E5A8009F8818 /* en */,
				FE1A16C92A00E5B1009F8818 /* zh-Hans */,
				FE1A16CA2A00E5B1009F8818 /* zh-Hant */,
			);
			name = RegexBuilder.md;
			sourceTree = "<group>";
		};
/* End PBXVariantGroup section */

/* Begin XCBuildConfiguration section */
		016D35B129F195CC00F14620 /* Debug */ = {
			isa = XCBuildConfiguration;
			buildSettings = {
				ALWAYS_SEARCH_USER_PATHS = NO;
				CLANG_ANALYZER_NONNULL = YES;
				CLANG_ANALYZER_NUMBER_OBJECT_CONVERSION = YES_AGGRESSIVE;
				CLANG_CXX_LANGUAGE_STANDARD = "gnu++20";
				CLANG_ENABLE_MODULES = YES;
				CLANG_ENABLE_OBJC_ARC = YES;
				CLANG_ENABLE_OBJC_WEAK = YES;
				CLANG_WARN_BLOCK_CAPTURE_AUTORELEASING = YES;
				CLANG_WARN_BOOL_CONVERSION = YES;
				CLANG_WARN_COMMA = YES;
				CLANG_WARN_CONSTANT_CONVERSION = YES;
				CLANG_WARN_DEPRECATED_OBJC_IMPLEMENTATIONS = YES;
				CLANG_WARN_DIRECT_OBJC_ISA_USAGE = YES_ERROR;
				CLANG_WARN_DOCUMENTATION_COMMENTS = YES;
				CLANG_WARN_EMPTY_BODY = YES;
				CLANG_WARN_ENUM_CONVERSION = YES;
				CLANG_WARN_INFINITE_RECURSION = YES;
				CLANG_WARN_INT_CONVERSION = YES;
				CLANG_WARN_NON_LITERAL_NULL_CONVERSION = YES;
				CLANG_WARN_OBJC_IMPLICIT_RETAIN_SELF = YES;
				CLANG_WARN_OBJC_LITERAL_CONVERSION = YES;
				CLANG_WARN_OBJC_ROOT_CLASS = YES_ERROR;
				CLANG_WARN_QUOTED_INCLUDE_IN_FRAMEWORK_HEADER = YES;
				CLANG_WARN_RANGE_LOOP_ANALYSIS = YES;
				CLANG_WARN_STRICT_PROTOTYPES = YES;
				CLANG_WARN_SUSPICIOUS_MOVE = YES;
				CLANG_WARN_UNGUARDED_AVAILABILITY = YES_AGGRESSIVE;
				CLANG_WARN_UNREACHABLE_CODE = YES;
				CLANG_WARN__DUPLICATE_METHOD_MATCH = YES;
				COPY_PHASE_STRIP = NO;
				DEBUG_INFORMATION_FORMAT = dwarf;
				ENABLE_STRICT_OBJC_MSGSEND = YES;
				ENABLE_TESTABILITY = YES;
				GCC_C_LANGUAGE_STANDARD = gnu11;
				GCC_DYNAMIC_NO_PIC = NO;
				GCC_NO_COMMON_BLOCKS = YES;
				GCC_OPTIMIZATION_LEVEL = 0;
				GCC_PREPROCESSOR_DEFINITIONS = (
					"DEBUG=1",
					"$(inherited)",
				);
				GCC_WARN_64_TO_32_BIT_CONVERSION = YES;
				GCC_WARN_ABOUT_RETURN_TYPE = YES_ERROR;
				GCC_WARN_UNDECLARED_SELECTOR = YES;
				GCC_WARN_UNINITIALIZED_AUTOS = YES_AGGRESSIVE;
				GCC_WARN_UNUSED_FUNCTION = YES;
				GCC_WARN_UNUSED_VARIABLE = YES;
				IPHONEOS_DEPLOYMENT_TARGET = 16.0;
				LOCALIZATION_EXPORT_SUPPORTED = YES;
				LOCALIZED_STRING_MACRO_NAMES = (
					NSLocalizedString,
					CFCopyLocalizedString,
				);
				MACOSX_DEPLOYMENT_TARGET = "$(RECOMMENDED_MACOSX_DEPLOYMENT_TARGET)";
				MTL_ENABLE_DEBUG_INFO = INCLUDE_SOURCE;
				MTL_FAST_MATH = YES;
				ONLY_ACTIVE_ARCH = YES;
				SDKROOT = iphoneos;
				SWIFT_ACTIVE_COMPILATION_CONDITIONS = DEBUG;
				SWIFT_EMIT_LOC_STRINGS = YES;
				SWIFT_OPTIMIZATION_LEVEL = "-Onone";
			};
			name = Debug;
		};
		016D35B229F195CC00F14620 /* Release */ = {
			isa = XCBuildConfiguration;
			buildSettings = {
				ALWAYS_SEARCH_USER_PATHS = NO;
				CLANG_ANALYZER_NONNULL = YES;
				CLANG_ANALYZER_NUMBER_OBJECT_CONVERSION = YES_AGGRESSIVE;
				CLANG_CXX_LANGUAGE_STANDARD = "gnu++20";
				CLANG_ENABLE_MODULES = YES;
				CLANG_ENABLE_OBJC_ARC = YES;
				CLANG_ENABLE_OBJC_WEAK = YES;
				CLANG_WARN_BLOCK_CAPTURE_AUTORELEASING = YES;
				CLANG_WARN_BOOL_CONVERSION = YES;
				CLANG_WARN_COMMA = YES;
				CLANG_WARN_CONSTANT_CONVERSION = YES;
				CLANG_WARN_DEPRECATED_OBJC_IMPLEMENTATIONS = YES;
				CLANG_WARN_DIRECT_OBJC_ISA_USAGE = YES_ERROR;
				CLANG_WARN_DOCUMENTATION_COMMENTS = YES;
				CLANG_WARN_EMPTY_BODY = YES;
				CLANG_WARN_ENUM_CONVERSION = YES;
				CLANG_WARN_INFINITE_RECURSION = YES;
				CLANG_WARN_INT_CONVERSION = YES;
				CLANG_WARN_NON_LITERAL_NULL_CONVERSION = YES;
				CLANG_WARN_OBJC_IMPLICIT_RETAIN_SELF = YES;
				CLANG_WARN_OBJC_LITERAL_CONVERSION = YES;
				CLANG_WARN_OBJC_ROOT_CLASS = YES_ERROR;
				CLANG_WARN_QUOTED_INCLUDE_IN_FRAMEWORK_HEADER = YES;
				CLANG_WARN_RANGE_LOOP_ANALYSIS = YES;
				CLANG_WARN_STRICT_PROTOTYPES = YES;
				CLANG_WARN_SUSPICIOUS_MOVE = YES;
				CLANG_WARN_UNGUARDED_AVAILABILITY = YES_AGGRESSIVE;
				CLANG_WARN_UNREACHABLE_CODE = YES;
				CLANG_WARN__DUPLICATE_METHOD_MATCH = YES;
				COPY_PHASE_STRIP = NO;
				DEBUG_INFORMATION_FORMAT = "dwarf-with-dsym";
				ENABLE_NS_ASSERTIONS = NO;
				ENABLE_STRICT_OBJC_MSGSEND = YES;
				GCC_C_LANGUAGE_STANDARD = gnu11;
				GCC_NO_COMMON_BLOCKS = YES;
				GCC_WARN_64_TO_32_BIT_CONVERSION = YES;
				GCC_WARN_ABOUT_RETURN_TYPE = YES_ERROR;
				GCC_WARN_UNDECLARED_SELECTOR = YES;
				GCC_WARN_UNINITIALIZED_AUTOS = YES_AGGRESSIVE;
				GCC_WARN_UNUSED_FUNCTION = YES;
				GCC_WARN_UNUSED_VARIABLE = YES;
				IPHONEOS_DEPLOYMENT_TARGET = 16.0;
				LOCALIZATION_EXPORT_SUPPORTED = YES;
				LOCALIZED_STRING_MACRO_NAMES = (
					NSLocalizedString,
					CFCopyLocalizedString,
				);
				MACOSX_DEPLOYMENT_TARGET = "$(RECOMMENDED_MACOSX_DEPLOYMENT_TARGET)";
				MTL_ENABLE_DEBUG_INFO = NO;
				MTL_FAST_MATH = YES;
				SDKROOT = iphoneos;
				SWIFT_COMPILATION_MODE = wholemodule;
				SWIFT_EMIT_LOC_STRINGS = YES;
				SWIFT_OPTIMIZATION_LEVEL = "-O";
			};
			name = Release;
		};
		016D35B429F195CC00F14620 /* Debug */ = {
			isa = XCBuildConfiguration;
			buildSettings = {
				ASSETCATALOG_COMPILER_APPICON_NAME = AppIcon;
				ASSETCATALOG_COMPILER_GLOBAL_ACCENT_COLOR_NAME = AccentColor;
				CODE_SIGN_ENTITLEMENTS = RegexGo/RegexGo.entitlements;
				CODE_SIGN_IDENTITY = "Apple Development";
				CODE_SIGN_STYLE = Automatic;
				CURRENT_PROJECT_VERSION = 1;
				DEVELOPMENT_ASSET_PATHS = "\"RegexGo/Preview Content\"";
				DEVELOPMENT_TEAM = L3P8YP4XRH;
				ENABLE_HARDENED_RUNTIME = YES;
				ENABLE_PREVIEWS = YES;
				EXCLUDED_SOURCE_FILE_NAMES = "";
				GENERATE_INFOPLIST_FILE = YES;
				INFOPLIST_FILE = RegexGo/Info.plist;
				INFOPLIST_KEY_CFBundleDisplayName = "Regex Go";
				INFOPLIST_KEY_LSApplicationCategoryType = "public.app-category.utilities";
				"INFOPLIST_KEY_UIApplicationSceneManifest_Generation[sdk=iphoneos*]" = YES;
				"INFOPLIST_KEY_UIApplicationSceneManifest_Generation[sdk=iphonesimulator*]" = YES;
				"INFOPLIST_KEY_UIApplicationSupportsIndirectInputEvents[sdk=iphoneos*]" = YES;
				"INFOPLIST_KEY_UIApplicationSupportsIndirectInputEvents[sdk=iphonesimulator*]" = YES;
				"INFOPLIST_KEY_UILaunchScreen_Generation[sdk=iphoneos*]" = YES;
				"INFOPLIST_KEY_UILaunchScreen_Generation[sdk=iphonesimulator*]" = YES;
				"INFOPLIST_KEY_UIStatusBarStyle[sdk=iphoneos*]" = UIStatusBarStyleDefault;
				"INFOPLIST_KEY_UIStatusBarStyle[sdk=iphonesimulator*]" = UIStatusBarStyleDefault;
				INFOPLIST_KEY_UISupportedInterfaceOrientations_iPad = "UIInterfaceOrientationPortrait UIInterfaceOrientationPortraitUpsideDown UIInterfaceOrientationLandscapeLeft UIInterfaceOrientationLandscapeRight";
				INFOPLIST_KEY_UISupportedInterfaceOrientations_iPhone = "UIInterfaceOrientationPortrait UIInterfaceOrientationLandscapeLeft UIInterfaceOrientationLandscapeRight";
				IPHONEOS_DEPLOYMENT_TARGET = 16.0;
				LD_RUNPATH_SEARCH_PATHS = "@executable_path/Frameworks";
				"LD_RUNPATH_SEARCH_PATHS[sdk=macosx*]" = "@executable_path/../Frameworks";
				MACOSX_DEPLOYMENT_TARGET = 13.0;
				MARKETING_VERSION = 1.1;
				PRODUCT_BUNDLE_IDENTIFIER = com.yongfrank.RegexGo;
				PRODUCT_NAME = "$(TARGET_NAME)";
				PROVISIONING_PROFILE_SPECIFIER = "";
				SDKROOT = iphoneos;
				STRINGS_FILE_OUTPUT_ENCODING = binary;
				SUPPORTED_PLATFORMS = "iphoneos iphonesimulator";
				SUPPORTS_MACCATALYST = YES;
				SUPPORTS_MAC_DESIGNED_FOR_IPHONE_IPAD = NO;
				SWIFT_EMIT_LOC_STRINGS = YES;
				SWIFT_VERSION = 5.0;
				TARGETED_DEVICE_FAMILY = "1,2";
			};
			name = Debug;
		};
		016D35B529F195CC00F14620 /* Release */ = {
			isa = XCBuildConfiguration;
			buildSettings = {
				ASSETCATALOG_COMPILER_APPICON_NAME = AppIcon;
				ASSETCATALOG_COMPILER_GLOBAL_ACCENT_COLOR_NAME = AccentColor;
				CODE_SIGN_ENTITLEMENTS = RegexGo/RegexGo.entitlements;
				CODE_SIGN_IDENTITY = "Apple Development";
				CODE_SIGN_STYLE = Automatic;
				CURRENT_PROJECT_VERSION = 1;
				DEVELOPMENT_ASSET_PATHS = "\"RegexGo/Preview Content\"";
				DEVELOPMENT_TEAM = L3P8YP4XRH;
				ENABLE_HARDENED_RUNTIME = YES;
				ENABLE_PREVIEWS = YES;
				EXCLUDED_SOURCE_FILE_NAMES = "FLEX*";
				GENERATE_INFOPLIST_FILE = YES;
				INFOPLIST_FILE = RegexGo/Info.plist;
				INFOPLIST_KEY_CFBundleDisplayName = "Regex Go";
				INFOPLIST_KEY_LSApplicationCategoryType = "public.app-category.utilities";
				"INFOPLIST_KEY_UIApplicationSceneManifest_Generation[sdk=iphoneos*]" = YES;
				"INFOPLIST_KEY_UIApplicationSceneManifest_Generation[sdk=iphonesimulator*]" = YES;
				"INFOPLIST_KEY_UIApplicationSupportsIndirectInputEvents[sdk=iphoneos*]" = YES;
				"INFOPLIST_KEY_UIApplicationSupportsIndirectInputEvents[sdk=iphonesimulator*]" = YES;
				"INFOPLIST_KEY_UILaunchScreen_Generation[sdk=iphoneos*]" = YES;
				"INFOPLIST_KEY_UILaunchScreen_Generation[sdk=iphonesimulator*]" = YES;
				"INFOPLIST_KEY_UIStatusBarStyle[sdk=iphoneos*]" = UIStatusBarStyleDefault;
				"INFOPLIST_KEY_UIStatusBarStyle[sdk=iphonesimulator*]" = UIStatusBarStyleDefault;
				INFOPLIST_KEY_UISupportedInterfaceOrientations_iPad = "UIInterfaceOrientationPortrait UIInterfaceOrientationPortraitUpsideDown UIInterfaceOrientationLandscapeLeft UIInterfaceOrientationLandscapeRight";
				INFOPLIST_KEY_UISupportedInterfaceOrientations_iPhone = "UIInterfaceOrientationPortrait UIInterfaceOrientationLandscapeLeft UIInterfaceOrientationLandscapeRight";
				IPHONEOS_DEPLOYMENT_TARGET = 16.0;
				LD_RUNPATH_SEARCH_PATHS = "@executable_path/Frameworks";
				"LD_RUNPATH_SEARCH_PATHS[sdk=macosx*]" = "@executable_path/../Frameworks";
				MACOSX_DEPLOYMENT_TARGET = 13.0;
				MARKETING_VERSION = 1.1;
				PRODUCT_BUNDLE_IDENTIFIER = com.yongfrank.RegexGo;
				PRODUCT_NAME = "$(TARGET_NAME)";
				PROVISIONING_PROFILE_SPECIFIER = "";
				SDKROOT = iphoneos;
				STRINGS_FILE_OUTPUT_ENCODING = binary;
				SUPPORTED_PLATFORMS = "iphoneos iphonesimulator";
				SUPPORTS_MACCATALYST = YES;
				SUPPORTS_MAC_DESIGNED_FOR_IPHONE_IPAD = NO;
				SWIFT_EMIT_LOC_STRINGS = YES;
				SWIFT_VERSION = 5.0;
				TARGETED_DEVICE_FAMILY = "1,2";
			};
			name = Release;
		};
/* End XCBuildConfiguration section */

/* Begin XCConfigurationList section */
		016D359F29F195CB00F14620 /* Build configuration list for PBXProject "RegexGo" */ = {
			isa = XCConfigurationList;
			buildConfigurations = (
				016D35B129F195CC00F14620 /* Debug */,
				016D35B229F195CC00F14620 /* Release */,
			);
			defaultConfigurationIsVisible = 0;
			defaultConfigurationName = Release;
		};
		016D35B329F195CC00F14620 /* Build configuration list for PBXNativeTarget "RegexGo" */ = {
			isa = XCConfigurationList;
			buildConfigurations = (
				016D35B429F195CC00F14620 /* Debug */,
				016D35B529F195CC00F14620 /* Release */,
			);
			defaultConfigurationIsVisible = 0;
			defaultConfigurationName = Release;
		};
/* End XCConfigurationList section */

/* Begin XCRemoteSwiftPackageReference section */
		FE1A16CB2A00F1D8009F8818 /* XCRemoteSwiftPackageReference "FLEX" */ = {
			isa = XCRemoteSwiftPackageReference;
			repositoryURL = "https://github.com/FLEXTool/FLEX";
			requirement = {
				kind = upToNextMajorVersion;
				minimumVersion = 5.0.0;
			};
		};
		FE1A16CF2A0101EF009F8818 /* XCRemoteSwiftPackageReference "ConfettiSwiftUI" */ = {
			isa = XCRemoteSwiftPackageReference;
			repositoryURL = "https://github.com/simibac/ConfettiSwiftUI";
			requirement = {
				kind = upToNextMajorVersion;
				minimumVersion = 1.0.0;
			};
		};
		FE89C5A429FFD31E0099CC45 /* XCRemoteSwiftPackageReference "swift-markdown-ui" */ = {
			isa = XCRemoteSwiftPackageReference;
			repositoryURL = "https://github.com/gonzalezreal/swift-markdown-ui";
			requirement = {
				kind = upToNextMajorVersion;
				minimumVersion = 2.0.0;
			};
		};
/* End XCRemoteSwiftPackageReference section */

/* Begin XCSwiftPackageProductDependency section */
		FE1A16CC2A00F1D8009F8818 /* FLEX */ = {
			isa = XCSwiftPackageProductDependency;
			package = FE1A16CB2A00F1D8009F8818 /* XCRemoteSwiftPackageReference "FLEX" */;
			productName = FLEX;
		};
		FE1A16D02A0101EF009F8818 /* ConfettiSwiftUI */ = {
			isa = XCSwiftPackageProductDependency;
			package = FE1A16CF2A0101EF009F8818 /* XCRemoteSwiftPackageReference "ConfettiSwiftUI" */;
			productName = ConfettiSwiftUI;
		};
		FE89C5A529FFD31E0099CC45 /* MarkdownUI */ = {
			isa = XCSwiftPackageProductDependency;
			package = FE89C5A429FFD31E0099CC45 /* XCRemoteSwiftPackageReference "swift-markdown-ui" */;
			productName = MarkdownUI;
		};
/* End XCSwiftPackageProductDependency section */
	};
	rootObject = 016D359C29F195CA00F14620 /* Project object */;
}
